// !$*UTF8*$!
{
	archiveVersion = 1;
	classes = {
	};
	objectVersion = 46;
	objects = {

/* Begin PBXBuildFile section */
		B20120431C8CD06E0051E640 /* TweetsDetailViewController.swift in Sources */ = {isa = PBXBuildFile; fileRef = B20120421C8CD06E0051E640 /* TweetsDetailViewController.swift */; };
		B20120451C8CD8580051E640 /* ProfileViewController.swift in Sources */ = {isa = PBXBuildFile; fileRef = B20120441C8CD8580051E640 /* ProfileViewController.swift */; };
		B204BB081C7C01ED003FDA92 /* AppDelegate.swift in Sources */ = {isa = PBXBuildFile; fileRef = B204BB071C7C01ED003FDA92 /* AppDelegate.swift */; };
		B204BB0D1C7C01ED003FDA92 /* Main.storyboard in Resources */ = {isa = PBXBuildFile; fileRef = B204BB0B1C7C01ED003FDA92 /* Main.storyboard */; };
		B204BB0F1C7C01ED003FDA92 /* Assets.xcassets in Resources */ = {isa = PBXBuildFile; fileRef = B204BB0E1C7C01ED003FDA92 /* Assets.xcassets */; };
		B204BB121C7C01ED003FDA92 /* LaunchScreen.storyboard in Resources */ = {isa = PBXBuildFile; fileRef = B204BB101C7C01ED003FDA92 /* LaunchScreen.storyboard */; };
		B204BB1D1C7C01ED003FDA92 /* twitterDemoTests.swift in Sources */ = {isa = PBXBuildFile; fileRef = B204BB1C1C7C01ED003FDA92 /* twitterDemoTests.swift */; };
		B204BB281C7C01ED003FDA92 /* twitterDemoUITests.swift in Sources */ = {isa = PBXBuildFile; fileRef = B204BB271C7C01ED003FDA92 /* twitterDemoUITests.swift */; };
		B204BB361C7C032E003FDA92 /* LoginViewController.swift in Sources */ = {isa = PBXBuildFile; fileRef = B204BB351C7C032E003FDA92 /* LoginViewController.swift */; };
		B213FB241C8CAE8600129DFD /* NewTweetViewController.swift in Sources */ = {isa = PBXBuildFile; fileRef = B213FB231C8CAE8600129DFD /* NewTweetViewController.swift */; };
		B280BF151C824C83005CCC24 /* User.swift in Sources */ = {isa = PBXBuildFile; fileRef = B280BF141C824C83005CCC24 /* User.swift */; };
		B280BF171C824C93005CCC24 /* Tweet.swift in Sources */ = {isa = PBXBuildFile; fileRef = B280BF161C824C93005CCC24 /* Tweet.swift */; };
		B280BF1B1C83CD03005CCC24 /* TwitterClient.swift in Sources */ = {isa = PBXBuildFile; fileRef = B280BF1A1C83CD03005CCC24 /* TwitterClient.swift */; };
		B280BF1D1C840F9A005CCC24 /* TweetsViewController.swift in Sources */ = {isa = PBXBuildFile; fileRef = B280BF1C1C840F9A005CCC24 /* TweetsViewController.swift */; };
		B29C99611C87FA4E009611B0 /* TwitterCell.swift in Sources */ = {isa = PBXBuildFile; fileRef = B29C99601C87FA4E009611B0 /* TwitterCell.swift */; };
		F9CF95B716488F662112362D /* Pods_twitterDemo.framework in Frameworks */ = {isa = PBXBuildFile; fileRef = C2B31356B9FF3CCF1528C47E /* Pods_twitterDemo.framework */; };
/* End PBXBuildFile section */

/* Begin PBXContainerItemProxy section */
		B204BB191C7C01ED003FDA92 /* PBXContainerItemProxy */ = {
			isa = PBXContainerItemProxy;
			containerPortal = B204BAFC1C7C01ED003FDA92 /* Project object */;
			proxyType = 1;
			remoteGlobalIDString = B204BB031C7C01ED003FDA92;
			remoteInfo = twitterDemo;
		};
		B204BB241C7C01ED003FDA92 /* PBXContainerItemProxy */ = {
			isa = PBXContainerItemProxy;
			containerPortal = B204BAFC1C7C01ED003FDA92 /* Project object */;
			proxyType = 1;
			remoteGlobalIDString = B204BB031C7C01ED003FDA92;
			remoteInfo = twitterDemo;
		};
/* End PBXContainerItemProxy section */

/* Begin PBXFileReference section */
		4C0D039870058DA8097680A8 /* Pods-twitterDemo.release.xcconfig */ = {isa = PBXFileReference; includeInIndex = 1; lastKnownFileType = text.xcconfig; name = "Pods-twitterDemo.release.xcconfig"; path = "Pods/Target Support Files/Pods-twitterDemo/Pods-twitterDemo.release.xcconfig"; sourceTree = "<group>"; };
		B20120421C8CD06E0051E640 /* TweetsDetailViewController.swift */ = {isa = PBXFileReference; fileEncoding = 4; lastKnownFileType = sourcecode.swift; path = TweetsDetailViewController.swift; sourceTree = "<group>"; };
		B20120441C8CD8580051E640 /* ProfileViewController.swift */ = {isa = PBXFileReference; fileEncoding = 4; lastKnownFileType = sourcecode.swift; path = ProfileViewController.swift; sourceTree = "<group>"; };
		B204BB041C7C01ED003FDA92 /* twitterDemo.app */ = {isa = PBXFileReference; explicitFileType = wrapper.application; includeInIndex = 0; path = twitterDemo.app; sourceTree = BUILT_PRODUCTS_DIR; };
		B204BB071C7C01ED003FDA92 /* AppDelegate.swift */ = {isa = PBXFileReference; lastKnownFileType = sourcecode.swift; path = AppDelegate.swift; sourceTree = "<group>"; };
		B204BB0C1C7C01ED003FDA92 /* Base */ = {isa = PBXFileReference; lastKnownFileType = file.storyboard; name = Base; path = Base.lproj/Main.storyboard; sourceTree = "<group>"; };
		B204BB0E1C7C01ED003FDA92 /* Assets.xcassets */ = {isa = PBXFileReference; lastKnownFileType = folder.assetcatalog; path = Assets.xcassets; sourceTree = "<group>"; };
		B204BB111C7C01ED003FDA92 /* Base */ = {isa = PBXFileReference; lastKnownFileType = file.storyboard; name = Base; path = Base.lproj/LaunchScreen.storyboard; sourceTree = "<group>"; };
		B204BB131C7C01ED003FDA92 /* Info.plist */ = {isa = PBXFileReference; lastKnownFileType = text.plist.xml; path = Info.plist; sourceTree = "<group>"; };
		B204BB181C7C01ED003FDA92 /* twitterDemoTests.xctest */ = {isa = PBXFileReference; explicitFileType = wrapper.cfbundle; includeInIndex = 0; path = twitterDemoTests.xctest; sourceTree = BUILT_PRODUCTS_DIR; };
		B204BB1C1C7C01ED003FDA92 /* twitterDemoTests.swift */ = {isa = PBXFileReference; lastKnownFileType = sourcecode.swift; path = twitterDemoTests.swift; sourceTree = "<group>"; };
		B204BB1E1C7C01ED003FDA92 /* Info.plist */ = {isa = PBXFileReference; lastKnownFileType = text.plist.xml; path = Info.plist; sourceTree = "<group>"; };
		B204BB231C7C01ED003FDA92 /* twitterDemoUITests.xctest */ = {isa = PBXFileReference; explicitFileType = wrapper.cfbundle; includeInIndex = 0; path = twitterDemoUITests.xctest; sourceTree = BUILT_PRODUCTS_DIR; };
		B204BB271C7C01ED003FDA92 /* twitterDemoUITests.swift */ = {isa = PBXFileReference; lastKnownFileType = sourcecode.swift; path = twitterDemoUITests.swift; sourceTree = "<group>"; };
		B204BB291C7C01ED003FDA92 /* Info.plist */ = {isa = PBXFileReference; lastKnownFileType = text.plist.xml; path = Info.plist; sourceTree = "<group>"; };
		B204BB351C7C032E003FDA92 /* LoginViewController.swift */ = {isa = PBXFileReference; fileEncoding = 4; lastKnownFileType = sourcecode.swift; path = LoginViewController.swift; sourceTree = "<group>"; };
		B213FB231C8CAE8600129DFD /* NewTweetViewController.swift */ = {isa = PBXFileReference; fileEncoding = 4; lastKnownFileType = sourcecode.swift; path = NewTweetViewController.swift; sourceTree = "<group>"; };
		B280BF141C824C83005CCC24 /* User.swift */ = {isa = PBXFileReference; fileEncoding = 4; lastKnownFileType = sourcecode.swift; path = User.swift; sourceTree = "<group>"; };
		B280BF161C824C93005CCC24 /* Tweet.swift */ = {isa = PBXFileReference; fileEncoding = 4; lastKnownFileType = sourcecode.swift; path = Tweet.swift; sourceTree = "<group>"; };
		B280BF1A1C83CD03005CCC24 /* TwitterClient.swift */ = {isa = PBXFileReference; fileEncoding = 4; lastKnownFileType = sourcecode.swift; path = TwitterClient.swift; sourceTree = "<group>"; };
		B280BF1C1C840F9A005CCC24 /* TweetsViewController.swift */ = {isa = PBXFileReference; fileEncoding = 4; lastKnownFileType = sourcecode.swift; path = TweetsViewController.swift; sourceTree = "<group>"; };
		B29C99601C87FA4E009611B0 /* TwitterCell.swift */ = {isa = PBXFileReference; fileEncoding = 4; lastKnownFileType = sourcecode.swift; path = TwitterCell.swift; sourceTree = "<group>"; };
		C2B31356B9FF3CCF1528C47E /* Pods_twitterDemo.framework */ = {isa = PBXFileReference; explicitFileType = wrapper.framework; includeInIndex = 0; path = Pods_twitterDemo.framework; sourceTree = BUILT_PRODUCTS_DIR; };
		DC4871461CDCC299609A4AC0 /* Pods-twitterDemo.debug.xcconfig */ = {isa = PBXFileReference; includeInIndex = 1; lastKnownFileType = text.xcconfig; name = "Pods-twitterDemo.debug.xcconfig"; path = "Pods/Target Support Files/Pods-twitterDemo/Pods-twitterDemo.debug.xcconfig"; sourceTree = "<group>"; };
/* End PBXFileReference section */

/* Begin PBXFrameworksBuildPhase section */
		B204BB011C7C01ED003FDA92 /* Frameworks */ = {
			isa = PBXFrameworksBuildPhase;
			buildActionMask = 2147483647;
			files = (
				F9CF95B716488F662112362D /* Pods_twitterDemo.framework in Frameworks */,
			);
			runOnlyForDeploymentPostprocessing = 0;
		};
		B204BB151C7C01ED003FDA92 /* Frameworks */ = {
			isa = PBXFrameworksBuildPhase;
			buildActionMask = 2147483647;
			files = (
			);
			runOnlyForDeploymentPostprocessing = 0;
		};
		B204BB201C7C01ED003FDA92 /* Frameworks */ = {
			isa = PBXFrameworksBuildPhase;
			buildActionMask = 2147483647;
			files = (
			);
			runOnlyForDeploymentPostprocessing = 0;
		};
/* End PBXFrameworksBuildPhase section */

/* Begin PBXGroup section */
		B204BAFB1C7C01ED003FDA92 = {
			isa = PBXGroup;
			children = (
				B204BB061C7C01ED003FDA92 /* twitterDemo */,
				B204BB1B1C7C01ED003FDA92 /* twitterDemoTests */,
				B204BB261C7C01ED003FDA92 /* twitterDemoUITests */,
				B204BB051C7C01ED003FDA92 /* Products */,
				C98B62BF24D66AB397AD21A0 /* Pods */,
				C97F83443706E4AAF2D18266 /* Frameworks */,
			);
			sourceTree = "<group>";
		};
		B204BB051C7C01ED003FDA92 /* Products */ = {
			isa = PBXGroup;
			children = (
				B204BB041C7C01ED003FDA92 /* twitterDemo.app */,
				B204BB181C7C01ED003FDA92 /* twitterDemoTests.xctest */,
				B204BB231C7C01ED003FDA92 /* twitterDemoUITests.xctest */,
			);
			name = Products;
			sourceTree = "<group>";
		};
		B204BB061C7C01ED003FDA92 /* twitterDemo */ = {
			isa = PBXGroup;
			children = (
				B280BF131C824C4A005CCC24 /* View Controllers */,
				B280BF121C824C41005CCC24 /* APIs */,
				B280BF111C824C3D005CCC24 /* Models */,
			);
			path = twitterDemo;
			sourceTree = "<group>";
		};
		B204BB1B1C7C01ED003FDA92 /* twitterDemoTests */ = {
			isa = PBXGroup;
			children = (
				B204BB1C1C7C01ED003FDA92 /* twitterDemoTests.swift */,
				B204BB1E1C7C01ED003FDA92 /* Info.plist */,
			);
			path = twitterDemoTests;
			sourceTree = "<group>";
		};
		B204BB261C7C01ED003FDA92 /* twitterDemoUITests */ = {
			isa = PBXGroup;
			children = (
				B204BB271C7C01ED003FDA92 /* twitterDemoUITests.swift */,
				B204BB291C7C01ED003FDA92 /* Info.plist */,
			);
			path = twitterDemoUITests;
			sourceTree = "<group>";
		};
		B280BF111C824C3D005CCC24 /* Models */ = {
			isa = PBXGroup;
			children = (
				B204BB071C7C01ED003FDA92 /* AppDelegate.swift */,
				B204BB0B1C7C01ED003FDA92 /* Main.storyboard */,
				B204BB0E1C7C01ED003FDA92 /* Assets.xcassets */,
				B204BB101C7C01ED003FDA92 /* LaunchScreen.storyboard */,
				B204BB131C7C01ED003FDA92 /* Info.plist */,
				B280BF141C824C83005CCC24 /* User.swift */,
				B280BF161C824C93005CCC24 /* Tweet.swift */,
				B29C99601C87FA4E009611B0 /* TwitterCell.swift */,
			);
			name = Models;
			sourceTree = "<group>";
		};
		B280BF121C824C41005CCC24 /* APIs */ = {
			isa = PBXGroup;
			children = (
				B280BF1A1C83CD03005CCC24 /* TwitterClient.swift */,
			);
			name = APIs;
			sourceTree = "<group>";
		};
		B280BF131C824C4A005CCC24 /* View Controllers */ = {
			isa = PBXGroup;
			children = (
				B204BB351C7C032E003FDA92 /* LoginViewController.swift */,
				B280BF1C1C840F9A005CCC24 /* TweetsViewController.swift */,
				B213FB231C8CAE8600129DFD /* NewTweetViewController.swift */,
				B20120421C8CD06E0051E640 /* TweetsDetailViewController.swift */,
				B20120441C8CD8580051E640 /* ProfileViewController.swift */,
			);
			name = "View Controllers";
			sourceTree = "<group>";
		};
		C97F83443706E4AAF2D18266 /* Frameworks */ = {
			isa = PBXGroup;
			children = (
				C2B31356B9FF3CCF1528C47E /* Pods_twitterDemo.framework */,
			);
			name = Frameworks;
			sourceTree = "<group>";
		};
		C98B62BF24D66AB397AD21A0 /* Pods */ = {
			isa = PBXGroup;
			children = (
				DC4871461CDCC299609A4AC0 /* Pods-twitterDemo.debug.xcconfig */,
				4C0D039870058DA8097680A8 /* Pods-twitterDemo.release.xcconfig */,
			);
			name = Pods;
			sourceTree = "<group>";
		};
/* End PBXGroup section */

/* Begin PBXNativeTarget section */
		B204BB031C7C01ED003FDA92 /* twitterDemo */ = {
			isa = PBXNativeTarget;
			buildConfigurationList = B204BB2C1C7C01ED003FDA92 /* Build configuration list for PBXNativeTarget "twitterDemo" */;
			buildPhases = (
				A348CD3D08AD463094134DA4 /* Check Pods Manifest.lock */,
				B204BB001C7C01ED003FDA92 /* Sources */,
				B204BB011C7C01ED003FDA92 /* Frameworks */,
				B204BB021C7C01ED003FDA92 /* Resources */,
				46814D0166633F47D3194417 /* Embed Pods Frameworks */,
				F70E8472F41EDA3F2916BA7D /* Copy Pods Resources */,
			);
			buildRules = (
			);
			dependencies = (
			);
			name = twitterDemo;
			productName = twitterDemo;
			productReference = B204BB041C7C01ED003FDA92 /* twitterDemo.app */;
			productType = "com.apple.product-type.application";
		};
		B204BB171C7C01ED003FDA92 /* twitterDemoTests */ = {
			isa = PBXNativeTarget;
			buildConfigurationList = B204BB2F1C7C01ED003FDA92 /* Build configuration list for PBXNativeTarget "twitterDemoTests" */;
			buildPhases = (
				B204BB141C7C01ED003FDA92 /* Sources */,
				B204BB151C7C01ED003FDA92 /* Frameworks */,
				B204BB161C7C01ED003FDA92 /* Resources */,
			);
			buildRules = (
			);
			dependencies = (
				B204BB1A1C7C01ED003FDA92 /* PBXTargetDependency */,
			);
			name = twitterDemoTests;
			productName = twitterDemoTests;
			productReference = B204BB181C7C01ED003FDA92 /* twitterDemoTests.xctest */;
			productType = "com.apple.product-type.bundle.unit-test";
		};
		B204BB221C7C01ED003FDA92 /* twitterDemoUITests */ = {
			isa = PBXNativeTarget;
			buildConfigurationList = B204BB321C7C01ED003FDA92 /* Build configuration list for PBXNativeTarget "twitterDemoUITests" */;
			buildPhases = (
				B204BB1F1C7C01ED003FDA92 /* Sources */,
				B204BB201C7C01ED003FDA92 /* Frameworks */,
				B204BB211C7C01ED003FDA92 /* Resources */,
			);
			buildRules = (
			);
			dependencies = (
				B204BB251C7C01ED003FDA92 /* PBXTargetDependency */,
			);
			name = twitterDemoUITests;
			productName = twitterDemoUITests;
			productReference = B204BB231C7C01ED003FDA92 /* twitterDemoUITests.xctest */;
			productType = "com.apple.product-type.bundle.ui-testing";
		};
/* End PBXNativeTarget section */

/* Begin PBXProject section */
		B204BAFC1C7C01ED003FDA92 /* Project object */ = {
			isa = PBXProject;
			attributes = {
				LastSwiftUpdateCheck = 0720;
				LastUpgradeCheck = 0720;
				ORGANIZATIONNAME = "Tim Barnard";
				TargetAttributes = {
					B204BB031C7C01ED003FDA92 = {
						CreatedOnToolsVersion = 7.2.1;
					};
					B204BB171C7C01ED003FDA92 = {
						CreatedOnToolsVersion = 7.2.1;
						TestTargetID = B204BB031C7C01ED003FDA92;
					};
					B204BB221C7C01ED003FDA92 = {
						CreatedOnToolsVersion = 7.2.1;
						TestTargetID = B204BB031C7C01ED003FDA92;
					};
				};
			};
			buildConfigurationList = B204BAFF1C7C01ED003FDA92 /* Build configuration list for PBXProject "twitterDemo" */;
			compatibilityVersion = "Xcode 3.2";
			developmentRegion = English;
			hasScannedForEncodings = 0;
			knownRegions = (
				en,
				Base,
			);
			mainGroup = B204BAFB1C7C01ED003FDA92;
			productRefGroup = B204BB051C7C01ED003FDA92 /* Products */;
			projectDirPath = "";
			projectRoot = "";
			targets = (
				B204BB031C7C01ED003FDA92 /* twitterDemo */,
				B204BB171C7C01ED003FDA92 /* twitterDemoTests */,
				B204BB221C7C01ED003FDA92 /* twitterDemoUITests */,
			);
		};
/* End PBXProject section */

/* Begin PBXResourcesBuildPhase section */
		B204BB021C7C01ED003FDA92 /* Resources */ = {
			isa = PBXResourcesBuildPhase;
			buildActionMask = 2147483647;
			files = (
				B204BB121C7C01ED003FDA92 /* LaunchScreen.storyboard in Resources */,
				B204BB0F1C7C01ED003FDA92 /* Assets.xcassets in Resources */,
				B204BB0D1C7C01ED003FDA92 /* Main.storyboard in Resources */,
			);
			runOnlyForDeploymentPostprocessing = 0;
		};
		B204BB161C7C01ED003FDA92 /* Resources */ = {
			isa = PBXResourcesBuildPhase;
			buildActionMask = 2147483647;
			files = (
			);
			runOnlyForDeploymentPostprocessing = 0;
		};
		B204BB211C7C01ED003FDA92 /* Resources */ = {
			isa = PBXResourcesBuildPhase;
			buildActionMask = 2147483647;
			files = (
			);
			runOnlyForDeploymentPostprocessing = 0;
		};
/* End PBXResourcesBuildPhase section */

/* Begin PBXShellScriptBuildPhase section */
		46814D0166633F47D3194417 /* Embed Pods Frameworks */ = {
			isa = PBXShellScriptBuildPhase;
			buildActionMask = 2147483647;
			files = (
			);
			inputPaths = (
			);
			name = "Embed Pods Frameworks";
			outputPaths = (
			);
			runOnlyForDeploymentPostprocessing = 0;
			shellPath = /bin/sh;
			shellScript = "\"${SRCROOT}/Pods/Target Support Files/Pods-twitterDemo/Pods-twitterDemo-frameworks.sh\"\n";
			showEnvVarsInLog = 0;
		};
		A348CD3D08AD463094134DA4 /* Check Pods Manifest.lock */ = {
			isa = PBXShellScriptBuildPhase;
			buildActionMask = 2147483647;
			files = (
			);
			inputPaths = (
			);
			name = "Check Pods Manifest.lock";
			outputPaths = (
			);
			runOnlyForDeploymentPostprocessing = 0;
			shellPath = /bin/sh;
			shellScript = "diff \"${PODS_ROOT}/../Podfile.lock\" \"${PODS_ROOT}/Manifest.lock\" > /dev/null\nif [[ $? != 0 ]] ; then\n    cat << EOM\nerror: The sandbox is not in sync with the Podfile.lock. Run 'pod install' or update your CocoaPods installation.\nEOM\n    exit 1\nfi\n";
			showEnvVarsInLog = 0;
		};
		F70E8472F41EDA3F2916BA7D /* Copy Pods Resources */ = {
			isa = PBXShellScriptBuildPhase;
			buildActionMask = 2147483647;
			files = (
			);
			inputPaths = (
			);
			name = "Copy Pods Resources";
			outputPaths = (
			);
			runOnlyForDeploymentPostprocessing = 0;
			shellPath = /bin/sh;
			shellScript = "\"${SRCROOT}/Pods/Target Support Files/Pods-twitterDemo/Pods-twitterDemo-resources.sh\"\n";
			showEnvVarsInLog = 0;
		};
/* End PBXShellScriptBuildPhase section */

/* Begin PBXSourcesBuildPhase section */
		B204BB001C7C01ED003FDA92 /* Sources */ = {
			isa = PBXSourcesBuildPhase;
			buildActionMask = 2147483647;
			files = (
				B280BF151C824C83005CCC24 /* User.swift in Sources */,
				B213FB241C8CAE8600129DFD /* NewTweetViewController.swift in Sources */,
				B20120451C8CD8580051E640 /* ProfileViewController.swift in Sources */,
				B280BF171C824C93005CCC24 /* Tweet.swift in Sources */,
				B204BB361C7C032E003FDA92 /* LoginViewController.swift in Sources */,
				B280BF1D1C840F9A005CCC24 /* TweetsViewController.swift in Sources */,
				B280BF1B1C83CD03005CCC24 /* TwitterClient.swift in Sources */,
				B29C99611C87FA4E009611B0 /* TwitterCell.swift in Sources */,
				B20120431C8CD06E0051E640 /* TweetsDetailViewController.swift in Sources */,
				B204BB081C7C01ED003FDA92 /* AppDelegate.swift in Sources */,
			);
			runOnlyForDeploymentPostprocessing = 0;
		};
		B204BB141C7C01ED003FDA92 /* Sources */ = {
			isa = PBXSourcesBuildPhase;
			buildActionMask = 2147483647;
			files = (
				B204BB1D1C7C01ED003FDA92 /* twitterDemoTests.swift in Sources */,
			);
			runOnlyForDeploymentPostprocessing = 0;
		};
		B204BB1F1C7C01ED003FDA92 /* Sources */ = {
			isa = PBXSourcesBuildPhase;
			buildActionMask = 2147483647;
			files = (
				B204BB281C7C01ED003FDA92 /* twitterDemoUITests.swift in Sources */,
			);
			runOnlyForDeploymentPostprocessing = 0;
		};
/* End PBXSourcesBuildPhase section */

/* Begin PBXTargetDependency section */
		B204BB1A1C7C01ED003FDA92 /* PBXTargetDependency */ = {
			isa = PBXTargetDependency;
			target = B204BB031C7C01ED003FDA92 /* twitterDemo */;
			targetProxy = B204BB191C7C01ED003FDA92 /* PBXContainerItemProxy */;
		};
		B204BB251C7C01ED003FDA92 /* PBXTargetDependency */ = {
			isa = PBXTargetDependency;
			target = B204BB031C7C01ED003FDA92 /* twitterDemo */;
			targetProxy = B204BB241C7C01ED003FDA92 /* PBXContainerItemProxy */;
		};
/* End PBXTargetDependency section */

/* Begin PBXVariantGroup section */
		B204BB0B1C7C01ED003FDA92 /* Main.storyboard */ = {
			isa = PBXVariantGroup;
			children = (
				B204BB0C1C7C01ED003FDA92 /* Base */,
			);
			name = Main.storyboard;
			sourceTree = "<group>";
		};
		B204BB101C7C01ED003FDA92 /* LaunchScreen.storyboard */ = {
			isa = PBXVariantGroup;
			children = (
				B204BB111C7C01ED003FDA92 /* Base */,
			);
			name = LaunchScreen.storyboard;
			sourceTree = "<group>";
		};
/* End PBXVariantGroup section */

/* Begin XCBuildConfiguration section */
		B204BB2A1C7C01ED003FDA92 /* Debug */ = {
			isa = XCBuildConfiguration;
			buildSettings = {
				ALWAYS_SEARCH_USER_PATHS = NO;
				CLANG_CXX_LANGUAGE_STANDARD = "gnu++0x";
				CLANG_CXX_LIBRARY = "libc++";
				CLANG_ENABLE_MODULES = YES;
				CLANG_ENABLE_OBJC_ARC = YES;
				CLANG_WARN_BOOL_CONVERSION = YES;
				CLANG_WARN_CONSTANT_CONVERSION = YES;
				CLANG_WARN_DIRECT_OBJC_ISA_USAGE = YES_ERROR;
				CLANG_WARN_EMPTY_BODY = YES;
				CLANG_WARN_ENUM_CONVERSION = YES;
				CLANG_WARN_INT_CONVERSION = YES;
				CLANG_WARN_OBJC_ROOT_CLASS = YES_ERROR;
				CLANG_WARN_UNREACHABLE_CODE = YES;
				CLANG_WARN__DUPLICATE_METHOD_MATCH = YES;
				"CODE_SIGN_IDENTITY[sdk=iphoneos*]" = "iPhone Developer";
				COPY_PHASE_STRIP = NO;
				DEBUG_INFORMATION_FORMAT = dwarf;
				ENABLE_STRICT_OBJC_MSGSEND = YES;
				ENABLE_TESTABILITY = YES;
				GCC_C_LANGUAGE_STANDARD = gnu99;
				GCC_DYNAMIC_NO_PIC = NO;
				GCC_NO_COMMON_BLOCKS = YES;
				GCC_OPTIMIZATION_LEVEL = 0;
				GCC_PREPROCESSOR_DEFINITIONS = (
					"DEBUG=1",
					"$(inherited)",
				);
				GCC_WARN_64_TO_32_BIT_CONVERSION = YES;
				GCC_WARN_ABOUT_RETURN_TYPE = YES_ERROR;
				GCC_WARN_UNDECLARED_SELECTOR = YES;
				GCC_WARN_UNINITIALIZED_AUTOS = YES_AGGRESSIVE;
				GCC_WARN_UNUSED_FUNCTION = YES;
				GCC_WARN_UNUSED_VARIABLE = YES;
				IPHONEOS_DEPLOYMENT_TARGET = 9.2;
				MTL_ENABLE_DEBUG_INFO = YES;
				ONLY_ACTIVE_ARCH = YES;
				SDKROOT = iphoneos;
				SWIFT_OPTIMIZATION_LEVEL = "-Onone";
				TARGETED_DEVICE_FAMILY = "1,2";
			};
			name = Debug;
		};
		B204BB2B1C7C01ED003FDA92 /* Release */ = {
			isa = XCBuildConfiguration;
			buildSettings = {
				ALWAYS_SEARCH_USER_PATHS = NO;
				CLANG_CXX_LANGUAGE_STANDARD = "gnu++0x";
				CLANG_CXX_LIBRARY = "libc++";
				CLANG_ENABLE_MODULES = YES;
				CLANG_ENABLE_OBJC_ARC = YES;
				CLANG_WARN_BOOL_CONVERSION = YES;
				CLANG_WARN_CONSTANT_CONVERSION = YES;
				CLANG_WARN_DIRECT_OBJC_ISA_USAGE = YES_ERROR;
				CLANG_WARN_EMPTY_BODY = YES;
				CLANG_WARN_ENUM_CONVERSION = YES;
				CLANG_WARN_INT_CONVERSION = YES;
				CLANG_WARN_OBJC_ROOT_CLASS = YES_ERROR;
				CLANG_WARN_UNREACHABLE_CODE = YES;
				CLANG_WARN__DUPLICATE_METHOD_MATCH = YES;
				"CODE_SIGN_IDENTITY[sdk=iphoneos*]" = "iPhone Developer";
				COPY_PHASE_STRIP = NO;
				DEBUG_INFORMATION_FORMAT = "dwarf-with-dsym";
				ENABLE_NS_ASSERTIONS = NO;
				ENABLE_STRICT_OBJC_MSGSEND = YES;
				GCC_C_LANGUAGE_STANDARD = gnu99;
				GCC_NO_COMMON_BLOCKS = YES;
				GCC_WARN_64_TO_32_BIT_CONVERSION = YES;
				GCC_WARN_ABOUT_RETURN_TYPE = YES_ERROR;
				GCC_WARN_UNDECLARED_SELECTOR = YES;
				GCC_WARN_UNINITIALIZED_AUTOS = YES_AGGRESSIVE;
				GCC_WARN_UNUSED_FUNCTION = YES;
				GCC_WARN_UNUSED_VARIABLE = YES;
				IPHONEOS_DEPLOYMENT_TARGET = 9.2;
				MTL_ENABLE_DEBUG_INFO = NO;
				SDKROOT = iphoneos;
				TARGETED_DEVICE_FAMILY = "1,2";
				VALIDATE_PRODUCT = YES;
			};
			name = Release;
		};
		B204BB2D1C7C01ED003FDA92 /* Debug */ = {
			isa = XCBuildConfiguration;
			baseConfigurationReference = DC4871461CDCC299609A4AC0 /* Pods-twitterDemo.debug.xcconfig */;
			buildSettings = {
				ASSETCATALOG_COMPILER_APPICON_NAME = AppIcon;
				INFOPLIST_FILE = twitterDemo/Info.plist;
				LD_RUNPATH_SEARCH_PATHS = "$(inherited) @executable_path/Frameworks";
				PRODUCT_BUNDLE_IDENTIFIER = com.tim.twitterDemo;
				PRODUCT_NAME = "$(TARGET_NAME)";
			};
			name = Debug;
		};
		B204BB2E1C7C01ED003FDA92 /* Release */ = {
			isa = XCBuildConfiguration;
			baseConfigurationReference = 4C0D039870058DA8097680A8 /* Pods-twitterDemo.release.xcconfig */;
			buildSettings = {
				ASSETCATALOG_COMPILER_APPICON_NAME = AppIcon;
				INFOPLIST_FILE = twitterDemo/Info.plist;
				LD_RUNPATH_SEARCH_PATHS = "$(inherited) @executable_path/Frameworks";
				PRODUCT_BUNDLE_IDENTIFIER = com.tim.twitterDemo;
				PRODUCT_NAME = "$(TARGET_NAME)";
			};
			name = Release;
		};
		B204BB301C7C01ED003FDA92 /* Debug */ = {
			isa = XCBuildConfiguration;
			buildSettings = {
				BUNDLE_LOADER = "$(TEST_HOST)";
				INFOPLIST_FILE = twitterDemoTests/Info.plist;
				LD_RUNPATH_SEARCH_PATHS = "$(inherited) @executable_path/Frameworks @loader_path/Frameworks";
				PRODUCT_BUNDLE_IDENTIFIER = com.tim.twitterDemoTests;
				PRODUCT_NAME = "$(TARGET_NAME)";
				TEST_HOST = "$(BUILT_PRODUCTS_DIR)/twitterDemo.app/twitterDemo";
			};
			name = Debug;
		};
		B204BB311C7C01ED003FDA92 /* Release */ = {
			isa = XCBuildConfiguration;
			buildSettings = {
				BUNDLE_LOADER = "$(TEST_HOST)";
				INFOPLIST_FILE = twitterDemoTests/Info.plist;
				LD_RUNPATH_SEARCH_PATHS = "$(inherited) @executable_path/Frameworks @loader_path/Frameworks";
				PRODUCT_BUNDLE_IDENTIFIER = com.tim.twitterDemoTests;
				PRODUCT_NAME = "$(TARGET_NAME)";
				TEST_HOST = "$(BUILT_PRODUCTS_DIR)/twitterDemo.app/twitterDemo";
			};
			name = Release;
		};
		B204BB331C7C01ED003FDA92 /* Debug */ = {
			isa = XCBuildConfiguration;
			buildSettings = {
				INFOPLIST_FILE = twitterDemoUITests/Info.plist;
				LD_RUNPATH_SEARCH_PATHS = "$(inherited) @executable_path/Frameworks @loader_path/Frameworks";
				PRODUCT_BUNDLE_IDENTIFIER = com.tim.twitterDemoUITests;
				PRODUCT_NAME = "$(TARGET_NAME)";
				TEST_TARGET_NAME = twitterDemo;
				USES_XCTRUNNER = YES;
			};
			name = Debug;
		};
		B204BB341C7C01ED003FDA92 /* Release */ = {
			isa = XCBuildConfiguration;
			buildSettings = {
				INFOPLIST_FILE = twitterDemoUITests/Info.plist;
				LD_RUNPATH_SEARCH_PATHS = "$(inherited) @executable_path/Frameworks @loader_path/Frameworks";
				PRODUCT_BUNDLE_IDENTIFIER = com.tim.twitterDemoUITests;
				PRODUCT_NAME = "$(TARGET_NAME)";
				TEST_TARGET_NAME = twitterDemo;
				USES_XCTRUNNER = YES;
			};
			name = Release;
		};
/* End XCBuildConfiguration section */

/* Begin XCConfigurationList section */
		B204BAFF1C7C01ED003FDA92 /* Build configuration list for PBXProject "twitterDemo" */ = {
			isa = XCConfigurationList;
			buildConfigurations = (
				B204BB2A1C7C01ED003FDA92 /* Debug */,
				B204BB2B1C7C01ED003FDA92 /* Release */,
			);
			defaultConfigurationIsVisible = 0;
			defaultConfigurationName = Release;
		};
		B204BB2C1C7C01ED003FDA92 /* Build configuration list for PBXNativeTarget "twitterDemo" */ = {
			isa = XCConfigurationList;
			buildConfigurations = (
				B204BB2D1C7C01ED003FDA92 /* Debug */,
				B204BB2E1C7C01ED003FDA92 /* Release */,
			);
			defaultConfigurationIsVisible = 0;
			defaultConfigurationName = Release;
		};
		B204BB2F1C7C01ED003FDA92 /* Build configuration list for PBXNativeTarget "twitterDemoTests" */ = {
			isa = XCConfigurationList;
			buildConfigurations = (
				B204BB301C7C01ED003FDA92 /* Debug */,
				B204BB311C7C01ED003FDA92 /* Release */,
			);
			defaultConfigurationIsVisible = 0;
			defaultConfigurationName = Release;
		};
		B204BB321C7C01ED003FDA92 /* Build configuration list for PBXNativeTarget "twitterDemoUITests" */ = {
			isa = XCConfigurationList;
			buildConfigurations = (
				B204BB331C7C01ED003FDA92 /* Debug */,
				B204BB341C7C01ED003FDA92 /* Release */,
			);
			defaultConfigurationIsVisible = 0;
			defaultConfigurationName = Release;
		};
/* End XCConfigurationList section */
	};
	rootObject = B204BAFC1C7C01ED003FDA92 /* Project object */;
}
